
Microsoft Visual Studio Solution File, Format Version 12.00
# Visual Studio Version 17
VisualStudioVersion = 17.8.34309.116
MinimumVisualStudioVersion = 10.0.40219.1
Project("{9A19103F-16F7-4668-BE54-9A1E7A4F7556}") = "OData.Query.Dot.Net", "src\OData.Query.Dot.Net\OData.Query.Dot.Net.csproj", "{97BDA07F-EF18-4A5F-B60B-28F65806CE60}"
EndProject
Project("{FAE04EC0-301F-11D3-BF4B-00C04F79EFBC}") = "OData.Query.Dot.Net.Tests", "OData.Query.Dot.Net.Tests\OData.Query.Dot.Net.Tests.csproj", "{A535A6C2-0CB6-45C9-A0D5-FBF59422B95C}"
EndProject
Global
	GlobalSection(SolutionConfigurationPlatforms) = preSolution
		Debug|Any CPU = Debug|Any CPU
		Release|Any CPU = Release|Any CPU
	EndGlobalSection
	GlobalSection(ProjectConfigurationPlatforms) = postSolution
		{97BDA07F-EF18-4A5F-B60B-28F65806CE60}.Debug|Any CPU.ActiveCfg = Debug|Any CPU
		{97BDA07F-EF18-4A5F-B60B-28F65806CE60}.Debug|Any CPU.Build.0 = Debug|Any CPU
		{97BDA07F-EF18-4A5F-B60B-28F65806CE60}.Release|Any CPU.ActiveCfg = Release|Any CPU
		{97BDA07F-EF18-4A5F-B60B-28F65806CE60}.Release|Any CPU.Build.0 = Release|Any CPU
		{A535A6C2-0CB6-45C9-A0D5-FBF59422B95C}.Debug|Any CPU.ActiveCfg = Debug|Any CPU
		{A535A6C2-0CB6-45C9-A0D5-FBF59422B95C}.Debug|Any CPU.Build.0 = Debug|Any CPU
		{A535A6C2-0CB6-45C9-A0D5-FBF59422B95C}.Release|Any CPU.ActiveCfg = Release|Any CPU
		{A535A6C2-0CB6-45C9-A0D5-FBF59422B95C}.Release|Any CPU.Build.0 = Release|Any CPU
	EndGlobalSection
	GlobalSection(SolutionProperties) = preSolution
		HideSolutionNode = FALSE
	EndGlobalSection
	GlobalSection(ExtensibilityGlobals) = postSolution
		SolutionGuid = {7A01A976-A786-4970-94F9-199005F5544B}
	EndGlobalSection
EndGlobal
